
Microsoft Visual Studio Solution File, Format Version 12.00
# Visual Studio Version 16
VisualStudioVersion = 16.0.31424.327
MinimumVisualStudioVersion = 10.0.40219.1
Project("{FAE04EC0-301F-11D3-BF4B-00C04F79EFBC}") = "Test2StringCalculator", "Test2StringCalculator\Test2StringCalculator.csproj", "{E17954CE-CFB0-4418-8D69-7DD09A2AA689}"
EndProject
Project("{FAE04EC0-301F-11D3-BF4B-00C04F79EFBC}") = "StringCalculatorTesting", "StringCalculatorTesting\StringCalculatorTesting.csproj", "{FA0D144B-0ABE-4612-AF5C-C38B3255E08F}"
EndProject
Global
	GlobalSection(SolutionConfigurationPlatforms) = preSolution
		Debug|Any CPU = Debug|Any CPU
		Release|Any CPU = Release|Any CPU
	EndGlobalSection
	GlobalSection(ProjectConfigurationPlatforms) = postSolution
		{E17954CE-CFB0-4418-8D69-7DD09A2AA689}.Debug|Any CPU.ActiveCfg = Debug|Any CPU
		{E17954CE-CFB0-4418-8D69-7DD09A2AA689}.Debug|Any CPU.Build.0 = Debug|Any CPU
		{E17954CE-CFB0-4418-8D69-7DD09A2AA689}.Release|Any CPU.ActiveCfg = Release|Any CPU
		{E17954CE-CFB0-4418-8D69-7DD09A2AA689}.Release|Any CPU.Build.0 = Release|Any CPU
		{FA0D144B-0ABE-4612-AF5C-C38B3255E08F}.Debug|Any CPU.ActiveCfg = Debug|Any CPU
		{FA0D144B-0ABE-4612-AF5C-C38B3255E08F}.Debug|Any CPU.Build.0 = Debug|Any CPU
		{FA0D144B-0ABE-4612-AF5C-C38B3255E08F}.Release|Any CPU.ActiveCfg = Release|Any CPU
		{FA0D144B-0ABE-4612-AF5C-C38B3255E08F}.Release|Any CPU.Build.0 = Release|Any CPU
	EndGlobalSection
	GlobalSection(SolutionProperties) = preSolution
		HideSolutionNode = FALSE
	EndGlobalSection
	GlobalSection(ExtensibilityGlobals) = postSolution
		SolutionGuid = {18EFDF0B-6EA7-4ADA-8F01-810A51541603}
	EndGlobalSection
EndGlobal
