
Microsoft Visual Studio Solution File, Format Version 12.00
# Visual Studio Version 16
VisualStudioVersion = 16.0.31424.327
MinimumVisualStudioVersion = 10.0.40219.1
Project("{FAE04EC0-301F-11D3-BF4B-00C04F79EFBC}") = "Test2StringCalculator", "Test2StringCalculator\Test2StringCalculator.csproj", "{E17954CE-CFB0-4418-8D69-7DD09A2AA689}"
EndProject
Project("{FAE04EC0-301F-11D3-BF4B-00C04F79EFBC}") = "TestStringCalculator", "TestStringCalculator\TestStringCalculator.csproj", "{EB057A82-EE66-4D05-9B8A-185526DB84A1}"
EndProject
Project("{2150E333-8FDC-42A3-9474-1A3956D46DE8}") = "Solution Items", "Solution Items", "{6479CD0C-62A3-4996-98C9-ACAA5B680D46}"
	ProjectSection(SolutionItems) = preProject
		README.md = README.md
	EndProjectSection
EndProject
Global
	GlobalSection(SolutionConfigurationPlatforms) = preSolution
		Debug|Any CPU = Debug|Any CPU
		Release|Any CPU = Release|Any CPU
	EndGlobalSection
	GlobalSection(ProjectConfigurationPlatforms) = postSolution
		{E17954CE-CFB0-4418-8D69-7DD09A2AA689}.Debug|Any CPU.ActiveCfg = Debug|Any CPU
		{E17954CE-CFB0-4418-8D69-7DD09A2AA689}.Debug|Any CPU.Build.0 = Debug|Any CPU
		{E17954CE-CFB0-4418-8D69-7DD09A2AA689}.Release|Any CPU.ActiveCfg = Release|Any CPU
		{E17954CE-CFB0-4418-8D69-7DD09A2AA689}.Release|Any CPU.Build.0 = Release|Any CPU
		{EB057A82-EE66-4D05-9B8A-185526DB84A1}.Debug|Any CPU.ActiveCfg = Debug|Any CPU
		{EB057A82-EE66-4D05-9B8A-185526DB84A1}.Debug|Any CPU.Build.0 = Debug|Any CPU
		{EB057A82-EE66-4D05-9B8A-185526DB84A1}.Release|Any CPU.ActiveCfg = Release|Any CPU
		{EB057A82-EE66-4D05-9B8A-185526DB84A1}.Release|Any CPU.Build.0 = Release|Any CPU
	EndGlobalSection
	GlobalSection(SolutionProperties) = preSolution
		HideSolutionNode = FALSE
	EndGlobalSection
	GlobalSection(ExtensibilityGlobals) = postSolution
		SolutionGuid = {18EFDF0B-6EA7-4ADA-8F01-810A51541603}
	EndGlobalSection
EndGlobal
